
Microsoft Visual Studio Solution File, Format Version 12.00
# Visual Studio Version 17
VisualStudioVersion = 17.11.35431.28
MinimumVisualStudioVersion = 10.0.40219.1
Project("{8BC9CEB8-8B4A-11D0-8D11-00A0C91BC942}") = "Chat_Client", "Chat_Client.vcxproj", "{B2339CEF-FF6E-449A-9EA5-05B9EE15D391}"
EndProject
Global
	GlobalSection(SolutionConfigurationPlatforms) = preSolution
		Debug|x64 = Debug|x64
		Debug|x86 = Debug|x86
		Release|x64 = Release|x64
		Release|x86 = Release|x86
	EndGlobalSection
	GlobalSection(ProjectConfigurationPlatforms) = postSolution
		{B2339CEF-FF6E-449A-9EA5-05B9EE15D391}.Debug|x64.ActiveCfg = Debug|x64
		{B2339CEF-FF6E-449A-9EA5-05B9EE15D391}.Debug|x64.Build.0 = Debug|x64
		{B2339CEF-FF6E-449A-9EA5-05B9EE15D391}.Debug|x86.ActiveCfg = Debug|Win32
		{B2339CEF-FF6E-449A-9EA5-05B9EE15D391}.Debug|x86.Build.0 = Debug|Win32
		{B2339CEF-FF6E-449A-9EA5-05B9EE15D391}.Release|x64.ActiveCfg = Release|x64
		{B2339CEF-FF6E-449A-9EA5-05B9EE15D391}.Release|x64.Build.0 = Release|x64
		{B2339CEF-FF6E-449A-9EA5-05B9EE15D391}.Release|x86.ActiveCfg = Release|Win32
		{B2339CEF-FF6E-449A-9EA5-05B9EE15D391}.Release|x86.Build.0 = Release|Win32
	EndGlobalSection
	GlobalSection(SolutionProperties) = preSolution
		HideSolutionNode = FALSE
	EndGlobalSection
	GlobalSection(ExtensibilityGlobals) = postSolution
		SolutionGuid = {3E4775FF-E07B-4C48-90DA-DF79E354812E}
	EndGlobalSection
EndGlobal
